
Microsoft Visual Studio Solution File, Format Version 12.00
Project("{2150E333-8FDC-42A3-9474-1A3956D46DE8}") = "EventBus", "EventBus", "{5A38BC40-40FE-4EFB-9F41-05406B264E3B}"
EndProject
Project("{FAE04EC0-301F-11D3-BF4B-00C04F79EFBC}") = "EventBus", "EventBus\EventBus\EventBus.csproj", "{138B0FFE-5EA7-4DC1-95B7-028A1CFCF9E4}"
EndProject
Project("{FAE04EC0-301F-11D3-BF4B-00C04F79EFBC}") = "EventBus.RabbitMQ", "EventBus\EventBus.RabbitMQ\EventBus.RabbitMQ\EventBus.RabbitMQ.csproj", "{6EAD2430-5888-4082-9317-03063FA35964}"
EndProject
Project("{FAE04EC0-301F-11D3-BF4B-00C04F79EFBC}") = "EventBus.Subscriptions.InMemory", "EventBus\EventBus.Subscriptions.InMemory\EventBus.Subscriptions.InMemory\EventBus.Subscriptions.InMemory.csproj", "{CEA4166B-3E57-4F57-9AB2-1033687227BE}"
EndProject
Project("{2150E333-8FDC-42A3-9474-1A3956D46DE8}") = "Web Apps", "Web Apps", "{774CDDB7-9773-4282-9DE7-F17DE191D1FF}"
EndProject
Project("{2150E333-8FDC-42A3-9474-1A3956D46DE8}") = "Services", "Services", "{3A9ABB89-6475-4790-ACAE-2841715DF13D}"
EndProject
Project("{FAE04EC0-301F-11D3-BF4B-00C04F79EFBC}") = "GuessWord.Dictionary", "Services\GuessWord.Dictionary\GuessWord.Dictionary.csproj", "{0BC9169F-5B61-4FBE-B0E0-2BE3B05B8011}"
EndProject
Project("{FAE04EC0-301F-11D3-BF4B-00C04F79EFBC}") = "GuessWord.API", "Services\GuessWord.API\GuessWord.API.csproj", "{57CD7131-0AFF-4C17-AA4E-4CF6423EC8B5}"
EndProject
Project("{FAE04EC0-301F-11D3-BF4B-00C04F79EFBC}") = "WebSPA", "Web Apps\WebSPA\WebSPA.csproj", "{AB8B6B2B-5293-445D-A430-A7A4FA2F983E}"
EndProject
Global
	GlobalSection(SolutionConfigurationPlatforms) = preSolution
		Debug|Any CPU = Debug|Any CPU
		Release|Any CPU = Release|Any CPU
	EndGlobalSection
	GlobalSection(ProjectConfigurationPlatforms) = postSolution
		{138B0FFE-5EA7-4DC1-95B7-028A1CFCF9E4}.Debug|Any CPU.ActiveCfg = Debug|Any CPU
		{138B0FFE-5EA7-4DC1-95B7-028A1CFCF9E4}.Debug|Any CPU.Build.0 = Debug|Any CPU
		{138B0FFE-5EA7-4DC1-95B7-028A1CFCF9E4}.Release|Any CPU.ActiveCfg = Release|Any CPU
		{138B0FFE-5EA7-4DC1-95B7-028A1CFCF9E4}.Release|Any CPU.Build.0 = Release|Any CPU
		{6EAD2430-5888-4082-9317-03063FA35964}.Debug|Any CPU.ActiveCfg = Debug|Any CPU
		{6EAD2430-5888-4082-9317-03063FA35964}.Debug|Any CPU.Build.0 = Debug|Any CPU
		{6EAD2430-5888-4082-9317-03063FA35964}.Release|Any CPU.ActiveCfg = Release|Any CPU
		{6EAD2430-5888-4082-9317-03063FA35964}.Release|Any CPU.Build.0 = Release|Any CPU
		{CEA4166B-3E57-4F57-9AB2-1033687227BE}.Debug|Any CPU.ActiveCfg = Debug|Any CPU
		{CEA4166B-3E57-4F57-9AB2-1033687227BE}.Debug|Any CPU.Build.0 = Debug|Any CPU
		{CEA4166B-3E57-4F57-9AB2-1033687227BE}.Release|Any CPU.ActiveCfg = Release|Any CPU
		{CEA4166B-3E57-4F57-9AB2-1033687227BE}.Release|Any CPU.Build.0 = Release|Any CPU
		{0BC9169F-5B61-4FBE-B0E0-2BE3B05B8011}.Debug|Any CPU.ActiveCfg = Debug|Any CPU
		{0BC9169F-5B61-4FBE-B0E0-2BE3B05B8011}.Debug|Any CPU.Build.0 = Debug|Any CPU
		{0BC9169F-5B61-4FBE-B0E0-2BE3B05B8011}.Release|Any CPU.ActiveCfg = Release|Any CPU
		{0BC9169F-5B61-4FBE-B0E0-2BE3B05B8011}.Release|Any CPU.Build.0 = Release|Any CPU
		{57CD7131-0AFF-4C17-AA4E-4CF6423EC8B5}.Debug|Any CPU.ActiveCfg = Debug|Any CPU
		{57CD7131-0AFF-4C17-AA4E-4CF6423EC8B5}.Debug|Any CPU.Build.0 = Debug|Any CPU
		{57CD7131-0AFF-4C17-AA4E-4CF6423EC8B5}.Release|Any CPU.ActiveCfg = Release|Any CPU
		{57CD7131-0AFF-4C17-AA4E-4CF6423EC8B5}.Release|Any CPU.Build.0 = Release|Any CPU
		{AB8B6B2B-5293-445D-A430-A7A4FA2F983E}.Debug|Any CPU.ActiveCfg = Debug|Any CPU
		{AB8B6B2B-5293-445D-A430-A7A4FA2F983E}.Debug|Any CPU.Build.0 = Debug|Any CPU
		{AB8B6B2B-5293-445D-A430-A7A4FA2F983E}.Release|Any CPU.ActiveCfg = Release|Any CPU
		{AB8B6B2B-5293-445D-A430-A7A4FA2F983E}.Release|Any CPU.Build.0 = Release|Any CPU
	EndGlobalSection
	GlobalSection(NestedProjects) = preSolution
		{138B0FFE-5EA7-4DC1-95B7-028A1CFCF9E4} = {5A38BC40-40FE-4EFB-9F41-05406B264E3B}
		{6EAD2430-5888-4082-9317-03063FA35964} = {5A38BC40-40FE-4EFB-9F41-05406B264E3B}
		{CEA4166B-3E57-4F57-9AB2-1033687227BE} = {5A38BC40-40FE-4EFB-9F41-05406B264E3B}
		{0BC9169F-5B61-4FBE-B0E0-2BE3B05B8011} = {3A9ABB89-6475-4790-ACAE-2841715DF13D}
		{57CD7131-0AFF-4C17-AA4E-4CF6423EC8B5} = {3A9ABB89-6475-4790-ACAE-2841715DF13D}
		{AB8B6B2B-5293-445D-A430-A7A4FA2F983E} = {774CDDB7-9773-4282-9DE7-F17DE191D1FF}
	EndGlobalSection
EndGlobal
