
Microsoft Visual Studio Solution File, Format Version 12.00
Project("{2150E333-8FDC-42A3-9474-1A3956D46DE8}") = "BuildingBlocks", "BuildingBlocks", "{5A38BC40-40FE-4EFB-9F41-05406B264E3B}"
EndProject
Project("{FAE04EC0-301F-11D3-BF4B-00C04F79EFBC}") = "EventBus", "BuildingBlocks\EventBus\EventBus\EventBus.csproj", "{138B0FFE-5EA7-4DC1-95B7-028A1CFCF9E4}"
EndProject
Project("{FAE04EC0-301F-11D3-BF4B-00C04F79EFBC}") = "EventBus.RabbitMQ", "BuildingBlocks\EventBus\EventBus.RabbitMQ\EventBus.RabbitMQ.csproj", "{6EAD2430-5888-4082-9317-03063FA35964}"
EndProject
Project("{FAE04EC0-301F-11D3-BF4B-00C04F79EFBC}") = "EventBus.Subscriptions.InMemory", "BuildingBlocks\EventBus\EventBus.Subscriptions.InMemory\EventBus.Subscriptions.InMemory.csproj", "{CEA4166B-3E57-4F57-9AB2-1033687227BE}"
EndProject
Project("{2150E333-8FDC-42A3-9474-1A3956D46DE8}") = "Web", "Web", "{774CDDB7-9773-4282-9DE7-F17DE191D1FF}"
EndProject
Project("{2150E333-8FDC-42A3-9474-1A3956D46DE8}") = "Services", "Services", "{3A9ABB89-6475-4790-ACAE-2841715DF13D}"
EndProject
Project("{FAE04EC0-301F-11D3-BF4B-00C04F79EFBC}") = "GuessWord.Dictionary", "Services\GuessWord.Dictionary.Service\GuessWord.Dictionary\GuessWord.Dictionary.csproj", "{0BC9169F-5B61-4FBE-B0E0-2BE3B05B8011}"
EndProject
Project("{FAE04EC0-301F-11D3-BF4B-00C04F79EFBC}") = "GuessWord.API", "Services\GuessWord.API.Service\GuessWord.API\GuessWord.API.csproj", "{57CD7131-0AFF-4C17-AA4E-4CF6423EC8B5}"
EndProject
Project("{2150E333-8FDC-42A3-9474-1A3956D46DE8}") = "APIGateway", "APIGateway", "{8A79C689-0A93-450C-89DE-C24354E46676}"
EndProject
Project("{FAE04EC0-301F-11D3-BF4B-00C04F79EFBC}") = "GuessTheWord.API.Gateway", "APIGateway\GuessTheWord.API.Gateway\aggregator\GuessTheWord.API.Gateway.csproj", "{8560405B-8B94-48BB-9BA5-26795028E40A}"
EndProject
Project("{FAE04EC0-301F-11D3-BF4B-00C04F79EFBC}") = "Identity.API", "Services\Identity.API.Service\Identity.API\Identity.API.csproj", "{56FA5ED3-F7FD-4777-A8E2-0DE95974868A}"
EndProject
Project("{FAE04EC0-301F-11D3-BF4B-00C04F79EFBC}") = "TryGuessTheWord.API", "Services\TryGuessTheWord.API.Service\TryGuessTheWord.API\TryGuessTheWord.API.csproj", "{E36E04B2-589A-4757-AA04-BE34B0423E3C}"
EndProject
Project("{FAE04EC0-301F-11D3-BF4B-00C04F79EFBC}") = "WebStatus", "Web\WebStatus\WebStatus.csproj", "{384BB1AF-CCFB-4A62-B76F-2E32B9A8D7B0}"
EndProject
Project("{FAE04EC0-301F-11D3-BF4B-00C04F79EFBC}") = "WebSPA", "Web\WebSPA\WebSPA.csproj", "{D6FE8C94-ED29-4C2D-8FE7-DCD815EFD9C1}"
EndProject
Project("{FAE04EC0-301F-11D3-BF4B-00C04F79EFBC}") = "docker-compose", "docker-compose.dcproj", "{426307C7-8F06-42FE-928A-D6E42D332062}"
EndProject
Project("{2150E333-8FDC-42A3-9474-1A3956D46DE8}") = "GuessWord.API.Service", "GuessWord.API.Service", "{1BED796D-3E27-4050-90A3-B3F78C9502A9}"
EndProject
Project("{2150E333-8FDC-42A3-9474-1A3956D46DE8}") = "GuessWord.Dictionary.Service", "GuessWord.Dictionary.Service", "{846A1773-FBD6-4C81-A535-0CD87D482FFE}"
EndProject
Project("{2150E333-8FDC-42A3-9474-1A3956D46DE8}") = "EventBus", "EventBus", "{D42A07FA-6F73-47F6-9B64-559544FB4C72}"
EndProject
Project("{2150E333-8FDC-42A3-9474-1A3956D46DE8}") = "Identity.API.Service", "Identity.API.Service", "{F74210B3-70EC-43D8-AF76-21A25A072EEF}"
EndProject
Project("{2150E333-8FDC-42A3-9474-1A3956D46DE8}") = "TryGuessTheWord.API.Service", "TryGuessTheWord.API.Service", "{DF63EC05-3C61-4B83-8C58-59DF066C9EE8}"
EndProject
Global
	GlobalSection(SolutionConfigurationPlatforms) = preSolution
		Debug|Any CPU = Debug|Any CPU
		Release|Any CPU = Release|Any CPU
	EndGlobalSection
	GlobalSection(ProjectConfigurationPlatforms) = postSolution
		{138B0FFE-5EA7-4DC1-95B7-028A1CFCF9E4}.Debug|Any CPU.ActiveCfg = Debug|Any CPU
		{138B0FFE-5EA7-4DC1-95B7-028A1CFCF9E4}.Debug|Any CPU.Build.0 = Debug|Any CPU
		{138B0FFE-5EA7-4DC1-95B7-028A1CFCF9E4}.Release|Any CPU.ActiveCfg = Release|Any CPU
		{138B0FFE-5EA7-4DC1-95B7-028A1CFCF9E4}.Release|Any CPU.Build.0 = Release|Any CPU
		{6EAD2430-5888-4082-9317-03063FA35964}.Debug|Any CPU.ActiveCfg = Debug|Any CPU
		{6EAD2430-5888-4082-9317-03063FA35964}.Debug|Any CPU.Build.0 = Debug|Any CPU
		{6EAD2430-5888-4082-9317-03063FA35964}.Release|Any CPU.ActiveCfg = Release|Any CPU
		{6EAD2430-5888-4082-9317-03063FA35964}.Release|Any CPU.Build.0 = Release|Any CPU
		{CEA4166B-3E57-4F57-9AB2-1033687227BE}.Debug|Any CPU.ActiveCfg = Debug|Any CPU
		{CEA4166B-3E57-4F57-9AB2-1033687227BE}.Debug|Any CPU.Build.0 = Debug|Any CPU
		{CEA4166B-3E57-4F57-9AB2-1033687227BE}.Release|Any CPU.ActiveCfg = Release|Any CPU
		{CEA4166B-3E57-4F57-9AB2-1033687227BE}.Release|Any CPU.Build.0 = Release|Any CPU
		{0BC9169F-5B61-4FBE-B0E0-2BE3B05B8011}.Debug|Any CPU.ActiveCfg = Debug|Any CPU
		{0BC9169F-5B61-4FBE-B0E0-2BE3B05B8011}.Debug|Any CPU.Build.0 = Debug|Any CPU
		{0BC9169F-5B61-4FBE-B0E0-2BE3B05B8011}.Release|Any CPU.ActiveCfg = Release|Any CPU
		{0BC9169F-5B61-4FBE-B0E0-2BE3B05B8011}.Release|Any CPU.Build.0 = Release|Any CPU
		{57CD7131-0AFF-4C17-AA4E-4CF6423EC8B5}.Debug|Any CPU.ActiveCfg = Debug|Any CPU
		{57CD7131-0AFF-4C17-AA4E-4CF6423EC8B5}.Debug|Any CPU.Build.0 = Debug|Any CPU
		{57CD7131-0AFF-4C17-AA4E-4CF6423EC8B5}.Release|Any CPU.ActiveCfg = Release|Any CPU
		{57CD7131-0AFF-4C17-AA4E-4CF6423EC8B5}.Release|Any CPU.Build.0 = Release|Any CPU
		{8560405B-8B94-48BB-9BA5-26795028E40A}.Debug|Any CPU.ActiveCfg = Debug|Any CPU
		{8560405B-8B94-48BB-9BA5-26795028E40A}.Debug|Any CPU.Build.0 = Debug|Any CPU
		{8560405B-8B94-48BB-9BA5-26795028E40A}.Release|Any CPU.ActiveCfg = Release|Any CPU
		{8560405B-8B94-48BB-9BA5-26795028E40A}.Release|Any CPU.Build.0 = Release|Any CPU
		{56FA5ED3-F7FD-4777-A8E2-0DE95974868A}.Debug|Any CPU.ActiveCfg = Debug|Any CPU
		{56FA5ED3-F7FD-4777-A8E2-0DE95974868A}.Debug|Any CPU.Build.0 = Debug|Any CPU
		{56FA5ED3-F7FD-4777-A8E2-0DE95974868A}.Release|Any CPU.ActiveCfg = Release|Any CPU
		{56FA5ED3-F7FD-4777-A8E2-0DE95974868A}.Release|Any CPU.Build.0 = Release|Any CPU
		{E36E04B2-589A-4757-AA04-BE34B0423E3C}.Debug|Any CPU.ActiveCfg = Debug|Any CPU
		{E36E04B2-589A-4757-AA04-BE34B0423E3C}.Debug|Any CPU.Build.0 = Debug|Any CPU
		{E36E04B2-589A-4757-AA04-BE34B0423E3C}.Release|Any CPU.ActiveCfg = Release|Any CPU
		{E36E04B2-589A-4757-AA04-BE34B0423E3C}.Release|Any CPU.Build.0 = Release|Any CPU
		{384BB1AF-CCFB-4A62-B76F-2E32B9A8D7B0}.Debug|Any CPU.ActiveCfg = Debug|Any CPU
		{384BB1AF-CCFB-4A62-B76F-2E32B9A8D7B0}.Debug|Any CPU.Build.0 = Debug|Any CPU
		{384BB1AF-CCFB-4A62-B76F-2E32B9A8D7B0}.Release|Any CPU.ActiveCfg = Release|Any CPU
		{384BB1AF-CCFB-4A62-B76F-2E32B9A8D7B0}.Release|Any CPU.Build.0 = Release|Any CPU
		{D6FE8C94-ED29-4C2D-8FE7-DCD815EFD9C1}.Debug|Any CPU.ActiveCfg = Debug|Any CPU
		{D6FE8C94-ED29-4C2D-8FE7-DCD815EFD9C1}.Debug|Any CPU.Build.0 = Debug|Any CPU
		{D6FE8C94-ED29-4C2D-8FE7-DCD815EFD9C1}.Release|Any CPU.ActiveCfg = Release|Any CPU
		{D6FE8C94-ED29-4C2D-8FE7-DCD815EFD9C1}.Release|Any CPU.Build.0 = Release|Any CPU
		{426307C7-8F06-42FE-928A-D6E42D332062}.Debug|Any CPU.ActiveCfg = Debug|Any CPU
		{426307C7-8F06-42FE-928A-D6E42D332062}.Debug|Any CPU.Build.0 = Debug|Any CPU
		{426307C7-8F06-42FE-928A-D6E42D332062}.Release|Any CPU.ActiveCfg = Debug|Any CPU
		{426307C7-8F06-42FE-928A-D6E42D332062}.Release|Any CPU.Build.0 = Debug|Any CPU
	EndGlobalSection
	GlobalSection(NestedProjects) = preSolution
		{8560405B-8B94-48BB-9BA5-26795028E40A} = {8A79C689-0A93-450C-89DE-C24354E46676}
		{384BB1AF-CCFB-4A62-B76F-2E32B9A8D7B0} = {774CDDB7-9773-4282-9DE7-F17DE191D1FF}
		{D6FE8C94-ED29-4C2D-8FE7-DCD815EFD9C1} = {774CDDB7-9773-4282-9DE7-F17DE191D1FF}
		{1BED796D-3E27-4050-90A3-B3F78C9502A9} = {3A9ABB89-6475-4790-ACAE-2841715DF13D}
		{57CD7131-0AFF-4C17-AA4E-4CF6423EC8B5} = {1BED796D-3E27-4050-90A3-B3F78C9502A9}
		{846A1773-FBD6-4C81-A535-0CD87D482FFE} = {3A9ABB89-6475-4790-ACAE-2841715DF13D}
		{0BC9169F-5B61-4FBE-B0E0-2BE3B05B8011} = {846A1773-FBD6-4C81-A535-0CD87D482FFE}
		{D42A07FA-6F73-47F6-9B64-559544FB4C72} = {5A38BC40-40FE-4EFB-9F41-05406B264E3B}
		{138B0FFE-5EA7-4DC1-95B7-028A1CFCF9E4} = {D42A07FA-6F73-47F6-9B64-559544FB4C72}
		{6EAD2430-5888-4082-9317-03063FA35964} = {D42A07FA-6F73-47F6-9B64-559544FB4C72}
		{CEA4166B-3E57-4F57-9AB2-1033687227BE} = {D42A07FA-6F73-47F6-9B64-559544FB4C72}
		{F74210B3-70EC-43D8-AF76-21A25A072EEF} = {3A9ABB89-6475-4790-ACAE-2841715DF13D}
		{56FA5ED3-F7FD-4777-A8E2-0DE95974868A} = {F74210B3-70EC-43D8-AF76-21A25A072EEF}
		{DF63EC05-3C61-4B83-8C58-59DF066C9EE8} = {3A9ABB89-6475-4790-ACAE-2841715DF13D}
		{E36E04B2-589A-4757-AA04-BE34B0423E3C} = {DF63EC05-3C61-4B83-8C58-59DF066C9EE8}
	EndGlobalSection
EndGlobal
